// !$*UTF8*$!
{
	archiveVersion = 1;
	classes = {
	};
	objectVersion = 46;
	objects = {

/* Begin PBXBuildFile section */
		587A11425DCFB1976C8FA49B /* Pods_HNR.framework in Frameworks */ = {isa = PBXBuildFile; fileRef = E28BA5CDC7E86C52A92B6D8B /* Pods_HNR.framework */; };
		DD12F3551ECF4B7500627A37 /* NewsCell.swift in Sources */ = {isa = PBXBuildFile; fileRef = DD12F3541ECF4B7500627A37 /* NewsCell.swift */; };
		DD84D1D71ED234DF0089898C /* News.swift in Sources */ = {isa = PBXBuildFile; fileRef = DD84D1D61ED234DF0089898C /* News.swift */; };
		DD84D1D91ED235AB0089898C /* RoundLabel.swift in Sources */ = {isa = PBXBuildFile; fileRef = DD84D1D81ED235AB0089898C /* RoundLabel.swift */; };
		DD9C2FED1E7897C20062B760 /* NewsTableViewController.swift in Sources */ = {isa = PBXBuildFile; fileRef = DD9C2FEC1E7897C20062B760 /* NewsTableViewController.swift */; };
		DDDADA1A1E78915B00BD3933 /* AppDelegate.swift in Sources */ = {isa = PBXBuildFile; fileRef = DDDADA191E78915B00BD3933 /* AppDelegate.swift */; };
		DDDADA211E78915B00BD3933 /* Main.storyboard in Resources */ = {isa = PBXBuildFile; fileRef = DDDADA1F1E78915B00BD3933 /* Main.storyboard */; };
		DDDADA231E78915B00BD3933 /* Assets.xcassets in Resources */ = {isa = PBXBuildFile; fileRef = DDDADA221E78915B00BD3933 /* Assets.xcassets */; };
		DDDADA261E78915B00BD3933 /* LaunchScreen.storyboard in Resources */ = {isa = PBXBuildFile; fileRef = DDDADA241E78915B00BD3933 /* LaunchScreen.storyboard */; };
		DDDADA311E78915B00BD3933 /* HNRTests.swift in Sources */ = {isa = PBXBuildFile; fileRef = DDDADA301E78915B00BD3933 /* HNRTests.swift */; };
		DDDADA3C1E78915B00BD3933 /* HNRUITests.swift in Sources */ = {isa = PBXBuildFile; fileRef = DDDADA3B1E78915B00BD3933 /* HNRUITests.swift */; };
		DDE1B3061ED33729009790A5 /* API.swift in Sources */ = {isa = PBXBuildFile; fileRef = DDE1B3051ED33729009790A5 /* API.swift */; };
/* End PBXBuildFile section */

/* Begin PBXContainerItemProxy section */
		DDDADA2D1E78915B00BD3933 /* PBXContainerItemProxy */ = {
			isa = PBXContainerItemProxy;
			containerPortal = DDDADA0E1E78915B00BD3933 /* Project object */;
			proxyType = 1;
			remoteGlobalIDString = DDDADA151E78915B00BD3933;
			remoteInfo = HNR;
		};
		DDDADA381E78915B00BD3933 /* PBXContainerItemProxy */ = {
			isa = PBXContainerItemProxy;
			containerPortal = DDDADA0E1E78915B00BD3933 /* Project object */;
			proxyType = 1;
			remoteGlobalIDString = DDDADA151E78915B00BD3933;
			remoteInfo = HNR;
		};
/* End PBXContainerItemProxy section */

/* Begin PBXFileReference section */
		9E4A909A694A63AA75D1F683 /* Pods-HNR.release.xcconfig */ = {isa = PBXFileReference; includeInIndex = 1; lastKnownFileType = text.xcconfig; name = "Pods-HNR.release.xcconfig"; path = "Pods/Target Support Files/Pods-HNR/Pods-HNR.release.xcconfig"; sourceTree = "<group>"; };
		BF1FB638D0969F4D0BB66629 /* Pods-HNR.debug.xcconfig */ = {isa = PBXFileReference; includeInIndex = 1; lastKnownFileType = text.xcconfig; name = "Pods-HNR.debug.xcconfig"; path = "Pods/Target Support Files/Pods-HNR/Pods-HNR.debug.xcconfig"; sourceTree = "<group>"; };
		DD12F3541ECF4B7500627A37 /* NewsCell.swift */ = {isa = PBXFileReference; fileEncoding = 4; lastKnownFileType = sourcecode.swift; name = NewsCell.swift; path = Views/NewsCell.swift; sourceTree = "<group>"; };
		DD84D1D61ED234DF0089898C /* News.swift */ = {isa = PBXFileReference; fileEncoding = 4; lastKnownFileType = sourcecode.swift; path = News.swift; sourceTree = "<group>"; };
		DD84D1D81ED235AB0089898C /* RoundLabel.swift */ = {isa = PBXFileReference; fileEncoding = 4; lastKnownFileType = sourcecode.swift; name = RoundLabel.swift; path = Views/RoundLabel.swift; sourceTree = "<group>"; };
		DD9C2FEC1E7897C20062B760 /* NewsTableViewController.swift */ = {isa = PBXFileReference; fileEncoding = 4; lastKnownFileType = sourcecode.swift; path = NewsTableViewController.swift; sourceTree = "<group>"; };
		DDDADA161E78915B00BD3933 /* HNR.app */ = {isa = PBXFileReference; explicitFileType = wrapper.application; includeInIndex = 0; path = HNR.app; sourceTree = BUILT_PRODUCTS_DIR; };
		DDDADA191E78915B00BD3933 /* AppDelegate.swift */ = {isa = PBXFileReference; lastKnownFileType = sourcecode.swift; path = AppDelegate.swift; sourceTree = "<group>"; };
		DDDADA201E78915B00BD3933 /* Base */ = {isa = PBXFileReference; lastKnownFileType = file.storyboard; name = Base; path = Base.lproj/Main.storyboard; sourceTree = "<group>"; };
		DDDADA221E78915B00BD3933 /* Assets.xcassets */ = {isa = PBXFileReference; lastKnownFileType = folder.assetcatalog; path = Assets.xcassets; sourceTree = "<group>"; };
		DDDADA251E78915B00BD3933 /* Base */ = {isa = PBXFileReference; lastKnownFileType = file.storyboard; name = Base; path = Base.lproj/LaunchScreen.storyboard; sourceTree = "<group>"; };
		DDDADA271E78915B00BD3933 /* Info.plist */ = {isa = PBXFileReference; lastKnownFileType = text.plist.xml; path = Info.plist; sourceTree = "<group>"; };
		DDDADA2C1E78915B00BD3933 /* HNRTests.xctest */ = {isa = PBXFileReference; explicitFileType = wrapper.cfbundle; includeInIndex = 0; path = HNRTests.xctest; sourceTree = BUILT_PRODUCTS_DIR; };
		DDDADA301E78915B00BD3933 /* HNRTests.swift */ = {isa = PBXFileReference; lastKnownFileType = sourcecode.swift; path = HNRTests.swift; sourceTree = "<group>"; };
		DDDADA321E78915B00BD3933 /* Info.plist */ = {isa = PBXFileReference; lastKnownFileType = text.plist.xml; path = Info.plist; sourceTree = "<group>"; };
		DDDADA371E78915B00BD3933 /* HNRUITests.xctest */ = {isa = PBXFileReference; explicitFileType = wrapper.cfbundle; includeInIndex = 0; path = HNRUITests.xctest; sourceTree = BUILT_PRODUCTS_DIR; };
		DDDADA3B1E78915B00BD3933 /* HNRUITests.swift */ = {isa = PBXFileReference; lastKnownFileType = sourcecode.swift; path = HNRUITests.swift; sourceTree = "<group>"; };
		DDDADA3D1E78915B00BD3933 /* Info.plist */ = {isa = PBXFileReference; lastKnownFileType = text.plist.xml; path = Info.plist; sourceTree = "<group>"; };
		DDE1B3051ED33729009790A5 /* API.swift */ = {isa = PBXFileReference; fileEncoding = 4; lastKnownFileType = sourcecode.swift; path = API.swift; sourceTree = "<group>"; };
		E28BA5CDC7E86C52A92B6D8B /* Pods_HNR.framework */ = {isa = PBXFileReference; explicitFileType = wrapper.framework; includeInIndex = 0; path = Pods_HNR.framework; sourceTree = BUILT_PRODUCTS_DIR; };
/* End PBXFileReference section */

/* Begin PBXFrameworksBuildPhase section */
		DDDADA131E78915B00BD3933 /* Frameworks */ = {
			isa = PBXFrameworksBuildPhase;
			buildActionMask = 2147483647;
			files = (
				587A11425DCFB1976C8FA49B /* Pods_HNR.framework in Frameworks */,
			);
			runOnlyForDeploymentPostprocessing = 0;
		};
		DDDADA291E78915B00BD3933 /* Frameworks */ = {
			isa = PBXFrameworksBuildPhase;
			buildActionMask = 2147483647;
			files = (
			);
			runOnlyForDeploymentPostprocessing = 0;
		};
		DDDADA341E78915B00BD3933 /* Frameworks */ = {
			isa = PBXFrameworksBuildPhase;
			buildActionMask = 2147483647;
			files = (
			);
			runOnlyForDeploymentPostprocessing = 0;
		};
/* End PBXFrameworksBuildPhase section */

/* Begin PBXGroup section */
		DD12F3561ECF5E1800627A37 /* Controllers */ = {
			isa = PBXGroup;
			children = (
				DD9C2FEC1E7897C20062B760 /* NewsTableViewController.swift */,
			);
			path = Controllers;
			sourceTree = "<group>";
		};
		DD12F3571ECF5E4600627A37 /* Views */ = {
			isa = PBXGroup;
			children = (
				DD12F3541ECF4B7500627A37 /* NewsCell.swift */,
				DD84D1D81ED235AB0089898C /* RoundLabel.swift */,
			);
			name = Views;
			sourceTree = "<group>";
		};
		DD84D1D51ED234B20089898C /* Models */ = {
			isa = PBXGroup;
			children = (
				DD84D1D61ED234DF0089898C /* News.swift */,
			);
			path = Models;
			sourceTree = "<group>";
		};
		DDDADA0D1E78915B00BD3933 = {
			isa = PBXGroup;
			children = (
				DDDADA181E78915B00BD3933 /* HNR */,
				DDDADA2F1E78915B00BD3933 /* HNRTests */,
				DDDADA3A1E78915B00BD3933 /* HNRUITests */,
				DDDADA171E78915B00BD3933 /* Products */,
				E1F0432B83F54AF7F295BE2D /* Pods */,
				DE7ABDC868B983FA751C0BEA /* Frameworks */,
			);
			sourceTree = "<group>";
		};
		DDDADA171E78915B00BD3933 /* Products */ = {
			isa = PBXGroup;
			children = (
				DDDADA161E78915B00BD3933 /* HNR.app */,
				DDDADA2C1E78915B00BD3933 /* HNRTests.xctest */,
				DDDADA371E78915B00BD3933 /* HNRUITests.xctest */,
			);
			name = Products;
			sourceTree = "<group>";
		};
		DDDADA181E78915B00BD3933 /* HNR */ = {
			isa = PBXGroup;
			children = (
				DDDADA191E78915B00BD3933 /* AppDelegate.swift */,
				DDE1B3051ED33729009790A5 /* API.swift */,
				DD12F3561ECF5E1800627A37 /* Controllers */,
				DD84D1D51ED234B20089898C /* Models */,
				DD12F3571ECF5E4600627A37 /* Views */,
				DDDADA221E78915B00BD3933 /* Assets.xcassets */,
				DDDADA1F1E78915B00BD3933 /* Main.storyboard */,
				DDDADA241E78915B00BD3933 /* LaunchScreen.storyboard */,
				DDDADA271E78915B00BD3933 /* Info.plist */,
			);
			path = HNR;
			sourceTree = "<group>";
		};
		DDDADA2F1E78915B00BD3933 /* HNRTests */ = {
			isa = PBXGroup;
			children = (
				DDDADA301E78915B00BD3933 /* HNRTests.swift */,
				DDDADA321E78915B00BD3933 /* Info.plist */,
			);
			path = HNRTests;
			sourceTree = "<group>";
		};
		DDDADA3A1E78915B00BD3933 /* HNRUITests */ = {
			isa = PBXGroup;
			children = (
				DDDADA3B1E78915B00BD3933 /* HNRUITests.swift */,
				DDDADA3D1E78915B00BD3933 /* Info.plist */,
			);
			path = HNRUITests;
			sourceTree = "<group>";
		};
		DE7ABDC868B983FA751C0BEA /* Frameworks */ = {
			isa = PBXGroup;
			children = (
				E28BA5CDC7E86C52A92B6D8B /* Pods_HNR.framework */,
			);
			name = Frameworks;
			sourceTree = "<group>";
		};
		E1F0432B83F54AF7F295BE2D /* Pods */ = {
			isa = PBXGroup;
			children = (
				BF1FB638D0969F4D0BB66629 /* Pods-HNR.debug.xcconfig */,
				9E4A909A694A63AA75D1F683 /* Pods-HNR.release.xcconfig */,
			);
			name = Pods;
			sourceTree = "<group>";
		};
/* End PBXGroup section */

/* Begin PBXNativeTarget section */
		DDDADA151E78915B00BD3933 /* HNR */ = {
			isa = PBXNativeTarget;
			buildConfigurationList = DDDADA401E78915B00BD3933 /* Build configuration list for PBXNativeTarget "HNR" */;
			buildPhases = (
				945822AA687E67122730E024 /* [CP] Check Pods Manifest.lock */,
				DDDADA121E78915B00BD3933 /* Sources */,
				DDDADA131E78915B00BD3933 /* Frameworks */,
				DDDADA141E78915B00BD3933 /* Resources */,
				5FC4A7BD3D944351D7198EDC /* [CP] Embed Pods Frameworks */,
				A77CCBB9F39373A1E36CFE4B /* [CP] Copy Pods Resources */,
			);
			buildRules = (
			);
			dependencies = (
			);
			name = HNR;
			productName = HNR;
			productReference = DDDADA161E78915B00BD3933 /* HNR.app */;
			productType = "com.apple.product-type.application";
		};
		DDDADA2B1E78915B00BD3933 /* HNRTests */ = {
			isa = PBXNativeTarget;
			buildConfigurationList = DDDADA431E78915B00BD3933 /* Build configuration list for PBXNativeTarget "HNRTests" */;
			buildPhases = (
				DDDADA281E78915B00BD3933 /* Sources */,
				DDDADA291E78915B00BD3933 /* Frameworks */,
				DDDADA2A1E78915B00BD3933 /* Resources */,
			);
			buildRules = (
			);
			dependencies = (
				DDDADA2E1E78915B00BD3933 /* PBXTargetDependency */,
			);
			name = HNRTests;
			productName = HNRTests;
			productReference = DDDADA2C1E78915B00BD3933 /* HNRTests.xctest */;
			productType = "com.apple.product-type.bundle.unit-test";
		};
		DDDADA361E78915B00BD3933 /* HNRUITests */ = {
			isa = PBXNativeTarget;
			buildConfigurationList = DDDADA461E78915B00BD3933 /* Build configuration list for PBXNativeTarget "HNRUITests" */;
			buildPhases = (
				DDDADA331E78915B00BD3933 /* Sources */,
				DDDADA341E78915B00BD3933 /* Frameworks */,
				DDDADA351E78915B00BD3933 /* Resources */,
			);
			buildRules = (
			);
			dependencies = (
				DDDADA391E78915B00BD3933 /* PBXTargetDependency */,
			);
			name = HNRUITests;
			productName = HNRUITests;
			productReference = DDDADA371E78915B00BD3933 /* HNRUITests.xctest */;
			productType = "com.apple.product-type.bundle.ui-testing";
		};
/* End PBXNativeTarget section */

/* Begin PBXProject section */
		DDDADA0E1E78915B00BD3933 /* Project object */ = {
			isa = PBXProject;
			attributes = {
				LastSwiftUpdateCheck = 0820;
				LastUpgradeCheck = 0820;
				ORGANIZATIONNAME = "Tiago Alves";
				TargetAttributes = {
					DDDADA151E78915B00BD3933 = {
						CreatedOnToolsVersion = 8.2.1;
						DevelopmentTeam = 3JQ36LEA79;
						ProvisioningStyle = Automatic;
					};
					DDDADA2B1E78915B00BD3933 = {
						CreatedOnToolsVersion = 8.2.1;
						ProvisioningStyle = Automatic;
						TestTargetID = DDDADA151E78915B00BD3933;
					};
					DDDADA361E78915B00BD3933 = {
						CreatedOnToolsVersion = 8.2.1;
						ProvisioningStyle = Automatic;
						TestTargetID = DDDADA151E78915B00BD3933;
					};
				};
			};
			buildConfigurationList = DDDADA111E78915B00BD3933 /* Build configuration list for PBXProject "HNR" */;
			compatibilityVersion = "Xcode 3.2";
			developmentRegion = English;
			hasScannedForEncodings = 0;
			knownRegions = (
				en,
				Base,
			);
			mainGroup = DDDADA0D1E78915B00BD3933;
			productRefGroup = DDDADA171E78915B00BD3933 /* Products */;
			projectDirPath = "";
			projectRoot = "";
			targets = (
				DDDADA151E78915B00BD3933 /* HNR */,
				DDDADA2B1E78915B00BD3933 /* HNRTests */,
				DDDADA361E78915B00BD3933 /* HNRUITests */,
			);
		};
/* End PBXProject section */

/* Begin PBXResourcesBuildPhase section */
		DDDADA141E78915B00BD3933 /* Resources */ = {
			isa = PBXResourcesBuildPhase;
			buildActionMask = 2147483647;
			files = (
				DDDADA261E78915B00BD3933 /* LaunchScreen.storyboard in Resources */,
				DDDADA231E78915B00BD3933 /* Assets.xcassets in Resources */,
				DDDADA211E78915B00BD3933 /* Main.storyboard in Resources */,
			);
			runOnlyForDeploymentPostprocessing = 0;
		};
		DDDADA2A1E78915B00BD3933 /* Resources */ = {
			isa = PBXResourcesBuildPhase;
			buildActionMask = 2147483647;
			files = (
			);
			runOnlyForDeploymentPostprocessing = 0;
		};
		DDDADA351E78915B00BD3933 /* Resources */ = {
			isa = PBXResourcesBuildPhase;
			buildActionMask = 2147483647;
			files = (
			);
			runOnlyForDeploymentPostprocessing = 0;
		};
/* End PBXResourcesBuildPhase section */

/* Begin PBXShellScriptBuildPhase section */
		5FC4A7BD3D944351D7198EDC /* [CP] Embed Pods Frameworks */ = {
			isa = PBXShellScriptBuildPhase;
			buildActionMask = 2147483647;
			files = (
			);
			inputPaths = (
			);
			name = "[CP] Embed Pods Frameworks";
			outputPaths = (
			);
			runOnlyForDeploymentPostprocessing = 0;
			shellPath = /bin/sh;
			shellScript = "\"${SRCROOT}/Pods/Target Support Files/Pods-HNR/Pods-HNR-frameworks.sh\"\n";
			showEnvVarsInLog = 0;
		};
		945822AA687E67122730E024 /* [CP] Check Pods Manifest.lock */ = {
			isa = PBXShellScriptBuildPhase;
			buildActionMask = 2147483647;
			files = (
			);
			inputPaths = (
			);
			name = "[CP] Check Pods Manifest.lock";
			outputPaths = (
			);
			runOnlyForDeploymentPostprocessing = 0;
			shellPath = /bin/sh;
			shellScript = "diff \"${PODS_ROOT}/../Podfile.lock\" \"${PODS_ROOT}/Manifest.lock\" > /dev/null\nif [ $? != 0 ] ; then\n    # print error to STDERR\n    echo \"error: The sandbox is not in sync with the Podfile.lock. Run 'pod install' or update your CocoaPods installation.\" >&2\n    exit 1\nfi\n";
			showEnvVarsInLog = 0;
		};
		A77CCBB9F39373A1E36CFE4B /* [CP] Copy Pods Resources */ = {
			isa = PBXShellScriptBuildPhase;
			buildActionMask = 2147483647;
			files = (
			);
			inputPaths = (
			);
			name = "[CP] Copy Pods Resources";
			outputPaths = (
			);
			runOnlyForDeploymentPostprocessing = 0;
			shellPath = /bin/sh;
			shellScript = "\"${SRCROOT}/Pods/Target Support Files/Pods-HNR/Pods-HNR-resources.sh\"\n";
			showEnvVarsInLog = 0;
		};
/* End PBXShellScriptBuildPhase section */

/* Begin PBXSourcesBuildPhase section */
		DDDADA121E78915B00BD3933 /* Sources */ = {
			isa = PBXSourcesBuildPhase;
			buildActionMask = 2147483647;
			files = (
				DD9C2FED1E7897C20062B760 /* NewsTableViewController.swift in Sources */,
				DD12F3551ECF4B7500627A37 /* NewsCell.swift in Sources */,
				DD84D1D71ED234DF0089898C /* News.swift in Sources */,
				DD84D1D91ED235AB0089898C /* RoundLabel.swift in Sources */,
				DDE1B3061ED33729009790A5 /* API.swift in Sources */,
				DDDADA1A1E78915B00BD3933 /* AppDelegate.swift in Sources */,
			);
			runOnlyForDeploymentPostprocessing = 0;
		};
		DDDADA281E78915B00BD3933 /* Sources */ = {
			isa = PBXSourcesBuildPhase;
			buildActionMask = 2147483647;
			files = (
				DDDADA311E78915B00BD3933 /* HNRTests.swift in Sources */,
			);
			runOnlyForDeploymentPostprocessing = 0;
		};
		DDDADA331E78915B00BD3933 /* Sources */ = {
			isa = PBXSourcesBuildPhase;
			buildActionMask = 2147483647;
			files = (
				DDDADA3C1E78915B00BD3933 /* HNRUITests.swift in Sources */,
			);
			runOnlyForDeploymentPostprocessing = 0;
		};
/* End PBXSourcesBuildPhase section */

/* Begin PBXTargetDependency section */
		DDDADA2E1E78915B00BD3933 /* PBXTargetDependency */ = {
			isa = PBXTargetDependency;
			target = DDDADA151E78915B00BD3933 /* HNR */;
			targetProxy = DDDADA2D1E78915B00BD3933 /* PBXContainerItemProxy */;
		};
		DDDADA391E78915B00BD3933 /* PBXTargetDependency */ = {
			isa = PBXTargetDependency;
			target = DDDADA151E78915B00BD3933 /* HNR */;
			targetProxy = DDDADA381E78915B00BD3933 /* PBXContainerItemProxy */;
		};
/* End PBXTargetDependency section */

/* Begin PBXVariantGroup section */
		DDDADA1F1E78915B00BD3933 /* Main.storyboard */ = {
			isa = PBXVariantGroup;
			children = (
				DDDADA201E78915B00BD3933 /* Base */,
			);
			name = Main.storyboard;
			sourceTree = "<group>";
		};
		DDDADA241E78915B00BD3933 /* LaunchScreen.storyboard */ = {
			isa = PBXVariantGroup;
			children = (
				DDDADA251E78915B00BD3933 /* Base */,
			);
			name = LaunchScreen.storyboard;
			sourceTree = "<group>";
		};
/* End PBXVariantGroup section */

/* Begin XCBuildConfiguration section */
		DDDADA3E1E78915B00BD3933 /* Debug */ = {
			isa = XCBuildConfiguration;
			buildSettings = {
				ALWAYS_SEARCH_USER_PATHS = NO;
				CLANG_ANALYZER_NONNULL = YES;
				CLANG_CXX_LANGUAGE_STANDARD = "gnu++0x";
				CLANG_CXX_LIBRARY = "libc++";
				CLANG_ENABLE_MODULES = YES;
				CLANG_ENABLE_OBJC_ARC = YES;
				CLANG_WARN_BOOL_CONVERSION = YES;
				CLANG_WARN_CONSTANT_CONVERSION = YES;
				CLANG_WARN_DIRECT_OBJC_ISA_USAGE = YES_ERROR;
				CLANG_WARN_DOCUMENTATION_COMMENTS = YES;
				CLANG_WARN_EMPTY_BODY = YES;
				CLANG_WARN_ENUM_CONVERSION = YES;
				CLANG_WARN_INFINITE_RECURSION = YES;
				CLANG_WARN_INT_CONVERSION = YES;
				CLANG_WARN_OBJC_ROOT_CLASS = YES_ERROR;
				CLANG_WARN_SUSPICIOUS_MOVE = YES;
				CLANG_WARN_UNREACHABLE_CODE = YES;
				CLANG_WARN__DUPLICATE_METHOD_MATCH = YES;
				"CODE_SIGN_IDENTITY[sdk=iphoneos*]" = "iPhone Developer";
				COPY_PHASE_STRIP = NO;
				DEBUG_INFORMATION_FORMAT = dwarf;
				ENABLE_STRICT_OBJC_MSGSEND = YES;
				ENABLE_TESTABILITY = YES;
				GCC_C_LANGUAGE_STANDARD = gnu99;
				GCC_DYNAMIC_NO_PIC = NO;
				GCC_NO_COMMON_BLOCKS = YES;
				GCC_OPTIMIZATION_LEVEL = 0;
				GCC_PREPROCESSOR_DEFINITIONS = (
					"DEBUG=1",
					"$(inherited)",
				);
				GCC_WARN_64_TO_32_BIT_CONVERSION = YES;
				GCC_WARN_ABOUT_RETURN_TYPE = YES_ERROR;
				GCC_WARN_UNDECLARED_SELECTOR = YES;
				GCC_WARN_UNINITIALIZED_AUTOS = YES_AGGRESSIVE;
				GCC_WARN_UNUSED_FUNCTION = YES;
				GCC_WARN_UNUSED_VARIABLE = YES;
				IPHONEOS_DEPLOYMENT_TARGET = 10.2;
				MTL_ENABLE_DEBUG_INFO = YES;
				ONLY_ACTIVE_ARCH = YES;
				SDKROOT = iphoneos;
				SWIFT_ACTIVE_COMPILATION_CONDITIONS = DEBUG;
				SWIFT_OPTIMIZATION_LEVEL = "-Onone";
				TARGETED_DEVICE_FAMILY = "1,2";
			};
			name = Debug;
		};
		DDDADA3F1E78915B00BD3933 /* Release */ = {
			isa = XCBuildConfiguration;
			buildSettings = {
				ALWAYS_SEARCH_USER_PATHS = NO;
				CLANG_ANALYZER_NONNULL = YES;
				CLANG_CXX_LANGUAGE_STANDARD = "gnu++0x";
				CLANG_CXX_LIBRARY = "libc++";
				CLANG_ENABLE_MODULES = YES;
				CLANG_ENABLE_OBJC_ARC = YES;
				CLANG_WARN_BOOL_CONVERSION = YES;
				CLANG_WARN_CONSTANT_CONVERSION = YES;
				CLANG_WARN_DIRECT_OBJC_ISA_USAGE = YES_ERROR;
				CLANG_WARN_DOCUMENTATION_COMMENTS = YES;
				CLANG_WARN_EMPTY_BODY = YES;
				CLANG_WARN_ENUM_CONVERSION = YES;
				CLANG_WARN_INFINITE_RECURSION = YES;
				CLANG_WARN_INT_CONVERSION = YES;
				CLANG_WARN_OBJC_ROOT_CLASS = YES_ERROR;
				CLANG_WARN_SUSPICIOUS_MOVE = YES;
				CLANG_WARN_UNREACHABLE_CODE = YES;
				CLANG_WARN__DUPLICATE_METHOD_MATCH = YES;
				"CODE_SIGN_IDENTITY[sdk=iphoneos*]" = "iPhone Developer";
				COPY_PHASE_STRIP = NO;
				DEBUG_INFORMATION_FORMAT = "dwarf-with-dsym";
				ENABLE_NS_ASSERTIONS = NO;
				ENABLE_STRICT_OBJC_MSGSEND = YES;
				GCC_C_LANGUAGE_STANDARD = gnu99;
				GCC_NO_COMMON_BLOCKS = YES;
				GCC_WARN_64_TO_32_BIT_CONVERSION = YES;
				GCC_WARN_ABOUT_RETURN_TYPE = YES_ERROR;
				GCC_WARN_UNDECLARED_SELECTOR = YES;
				GCC_WARN_UNINITIALIZED_AUTOS = YES_AGGRESSIVE;
				GCC_WARN_UNUSED_FUNCTION = YES;
				GCC_WARN_UNUSED_VARIABLE = YES;
				IPHONEOS_DEPLOYMENT_TARGET = 10.2;
				MTL_ENABLE_DEBUG_INFO = NO;
				SDKROOT = iphoneos;
				SWIFT_OPTIMIZATION_LEVEL = "-Owholemodule";
				TARGETED_DEVICE_FAMILY = "1,2";
				VALIDATE_PRODUCT = YES;
			};
			name = Release;
		};
		DDDADA411E78915B00BD3933 /* Debug */ = {
			isa = XCBuildConfiguration;
			baseConfigurationReference = BF1FB638D0969F4D0BB66629 /* Pods-HNR.debug.xcconfig */;
			buildSettings = {
				ASSETCATALOG_COMPILER_APPICON_NAME = AppIcon;
				DEVELOPMENT_TEAM = 3JQ36LEA79;
				INFOPLIST_FILE = HNR/Info.plist;
				LD_RUNPATH_SEARCH_PATHS = "$(inherited) @executable_path/Frameworks";
				PRODUCT_BUNDLE_IDENTIFIER = co.iterar.HNR;
				PRODUCT_NAME = "$(TARGET_NAME)";
				SWIFT_VERSION = 3.0;
				TARGETED_DEVICE_FAMILY = 1;
			};
			name = Debug;
		};
		DDDADA421E78915B00BD3933 /* Release */ = {
			isa = XCBuildConfiguration;
			baseConfigurationReference = 9E4A909A694A63AA75D1F683 /* Pods-HNR.release.xcconfig */;
			buildSettings = {
				ASSETCATALOG_COMPILER_APPICON_NAME = AppIcon;
				DEVELOPMENT_TEAM = 3JQ36LEA79;
				INFOPLIST_FILE = HNR/Info.plist;
				LD_RUNPATH_SEARCH_PATHS = "$(inherited) @executable_path/Frameworks";
				PRODUCT_BUNDLE_IDENTIFIER = co.iterar.HNR;
				PRODUCT_NAME = "$(TARGET_NAME)";
				SWIFT_VERSION = 3.0;
				TARGETED_DEVICE_FAMILY = 1;
			};
			name = Release;
		};
		DDDADA441E78915B00BD3933 /* Debug */ = {
			isa = XCBuildConfiguration;
			buildSettings = {
				ALWAYS_EMBED_SWIFT_STANDARD_LIBRARIES = YES;
				BUNDLE_LOADER = "$(TEST_HOST)";
				INFOPLIST_FILE = HNRTests/Info.plist;
				LD_RUNPATH_SEARCH_PATHS = "$(inherited) @executable_path/Frameworks @loader_path/Frameworks";
				PRODUCT_BUNDLE_IDENTIFIER = me.tiagoalves.HNRTests;
				PRODUCT_NAME = "$(TARGET_NAME)";
				SWIFT_VERSION = 3.0;
				TEST_HOST = "$(BUILT_PRODUCTS_DIR)/HNR.app/HNR";
			};
			name = Debug;
		};
		DDDADA451E78915B00BD3933 /* Release */ = {
			isa = XCBuildConfiguration;
			buildSettings = {
				ALWAYS_EMBED_SWIFT_STANDARD_LIBRARIES = YES;
				BUNDLE_LOADER = "$(TEST_HOST)";
				INFOPLIST_FILE = HNRTests/Info.plist;
				LD_RUNPATH_SEARCH_PATHS = "$(inherited) @executable_path/Frameworks @loader_path/Frameworks";
				PRODUCT_BUNDLE_IDENTIFIER = me.tiagoalves.HNRTests;
				PRODUCT_NAME = "$(TARGET_NAME)";
				SWIFT_VERSION = 3.0;
				TEST_HOST = "$(BUILT_PRODUCTS_DIR)/HNR.app/HNR";
			};
			name = Release;
		};
		DDDADA471E78915B00BD3933 /* Debug */ = {
			isa = XCBuildConfiguration;
			buildSettings = {
				ALWAYS_EMBED_SWIFT_STANDARD_LIBRARIES = YES;
				INFOPLIST_FILE = HNRUITests/Info.plist;
				LD_RUNPATH_SEARCH_PATHS = "$(inherited) @executable_path/Frameworks @loader_path/Frameworks";
				PRODUCT_BUNDLE_IDENTIFIER = me.tiagoalves.HNRUITests;
				PRODUCT_NAME = "$(TARGET_NAME)";
				SWIFT_VERSION = 3.0;
				TEST_TARGET_NAME = HNR;
			};
			name = Debug;
		};
		DDDADA481E78915B00BD3933 /* Release */ = {
			isa = XCBuildConfiguration;
			buildSettings = {
				ALWAYS_EMBED_SWIFT_STANDARD_LIBRARIES = YES;
				INFOPLIST_FILE = HNRUITests/Info.plist;
				LD_RUNPATH_SEARCH_PATHS = "$(inherited) @executable_path/Frameworks @loader_path/Frameworks";
				PRODUCT_BUNDLE_IDENTIFIER = me.tiagoalves.HNRUITests;
				PRODUCT_NAME = "$(TARGET_NAME)";
				SWIFT_VERSION = 3.0;
				TEST_TARGET_NAME = HNR;
			};
			name = Release;
		};
/* End XCBuildConfiguration section */

/* Begin XCConfigurationList section */
		DDDADA111E78915B00BD3933 /* Build configuration list for PBXProject "HNR" */ = {
			isa = XCConfigurationList;
			buildConfigurations = (
				DDDADA3E1E78915B00BD3933 /* Debug */,
				DDDADA3F1E78915B00BD3933 /* Release */,
			);
			defaultConfigurationIsVisible = 0;
			defaultConfigurationName = Release;
		};
		DDDADA401E78915B00BD3933 /* Build configuration list for PBXNativeTarget "HNR" */ = {
			isa = XCConfigurationList;
			buildConfigurations = (
				DDDADA411E78915B00BD3933 /* Debug */,
				DDDADA421E78915B00BD3933 /* Release */,
			);
			defaultConfigurationIsVisible = 0;
			defaultConfigurationName = Release;
		};
		DDDADA431E78915B00BD3933 /* Build configuration list for PBXNativeTarget "HNRTests" */ = {
			isa = XCConfigurationList;
			buildConfigurations = (
				DDDADA441E78915B00BD3933 /* Debug */,
				DDDADA451E78915B00BD3933 /* Release */,
			);
			defaultConfigurationIsVisible = 0;
			defaultConfigurationName = Release;
		};
		DDDADA461E78915B00BD3933 /* Build configuration list for PBXNativeTarget "HNRUITests" */ = {
			isa = XCConfigurationList;
			buildConfigurations = (
				DDDADA471E78915B00BD3933 /* Debug */,
				DDDADA481E78915B00BD3933 /* Release */,
			);
			defaultConfigurationIsVisible = 0;
			defaultConfigurationName = Release;
		};
/* End XCConfigurationList section */
	};
	rootObject = DDDADA0E1E78915B00BD3933 /* Project object */;
}
